
Microsoft Visual Studio Solution File, Format Version 12.00
# Visual Studio Version 17
VisualStudioVersion = 17.10.34707.107
MinimumVisualStudioVersion = 10.0.40219.1
Project("{9A19103F-16F7-4668-BE54-9A1E7A4F7556}") = "ChatWithScott", "ChatWithScott.csproj", "{79C1E5B3-7310-484A-B1D8-CD026B9D4C41}"
EndProject
Global
	GlobalSection(SolutionConfigurationPlatforms) = preSolution
		Debug|Any CPU = Debug|Any CPU
		Release|Any CPU = Release|Any CPU
	EndGlobalSection
	GlobalSection(ProjectConfigurationPlatforms) = postSolution
		{79C1E5B3-7310-484A-B1D8-CD026B9D4C41}.Debug|Any CPU.ActiveCfg = Debug|Any CPU
		{79C1E5B3-7310-484A-B1D8-CD026B9D4C41}.Debug|Any CPU.Build.0 = Debug|Any CPU
		{79C1E5B3-7310-484A-B1D8-CD026B9D4C41}.Release|Any CPU.ActiveCfg = Release|Any CPU
		{79C1E5B3-7310-484A-B1D8-CD026B9D4C41}.Release|Any CPU.Build.0 = Release|Any CPU
	EndGlobalSection
	GlobalSection(SolutionProperties) = preSolution
		HideSolutionNode = FALSE
	EndGlobalSection
	GlobalSection(ExtensibilityGlobals) = postSolution
		SolutionGuid = {137EBBE7-9F0B-405B-8D0F-85CB92EE6FBF}
	EndGlobalSection
EndGlobal
